// !$*UTF8*$!
{
	archiveVersion = 1;
	classes = {
	};
	objectVersion = 48;
	objects = {

/* Begin PBXBuildFile section */
		30137D1120823FCA002CE48B /* AppDelegate.swift in Sources */ = {isa = PBXBuildFile; fileRef = 30137D1020823FCA002CE48B /* AppDelegate.swift */; };
		30137D1320823FCA002CE48B /* ViewController.swift in Sources */ = {isa = PBXBuildFile; fileRef = 30137D1220823FCA002CE48B /* ViewController.swift */; };
		30137D1620823FCA002CE48B /* Main.storyboard in Resources */ = {isa = PBXBuildFile; fileRef = 30137D1420823FCA002CE48B /* Main.storyboard */; };
		30137D1820823FCA002CE48B /* Assets.xcassets in Resources */ = {isa = PBXBuildFile; fileRef = 30137D1720823FCA002CE48B /* Assets.xcassets */; };
		30137D1B20823FCA002CE48B /* LaunchScreen.storyboard in Resources */ = {isa = PBXBuildFile; fileRef = 30137D1920823FCA002CE48B /* LaunchScreen.storyboard */; };
		30137D2320829312002CE48B /* Structures.swift in Sources */ = {isa = PBXBuildFile; fileRef = 30137D2220829312002CE48B /* Structures.swift */; };
/* End PBXBuildFile section */

/* Begin PBXFileReference section */
		30137D0D20823FCA002CE48B /* WeatherSchmeather.app */ = {isa = PBXFileReference; explicitFileType = wrapper.application; includeInIndex = 0; path = WeatherSchmeather.app; sourceTree = BUILT_PRODUCTS_DIR; };
		30137D1020823FCA002CE48B /* AppDelegate.swift */ = {isa = PBXFileReference; lastKnownFileType = sourcecode.swift; path = AppDelegate.swift; sourceTree = "<group>"; };
		30137D1220823FCA002CE48B /* ViewController.swift */ = {isa = PBXFileReference; lastKnownFileType = sourcecode.swift; path = ViewController.swift; sourceTree = "<group>"; };
		30137D1520823FCA002CE48B /* Base */ = {isa = PBXFileReference; lastKnownFileType = file.storyboard; name = Base; path = Base.lproj/Main.storyboard; sourceTree = "<group>"; };
		30137D1720823FCA002CE48B /* Assets.xcassets */ = {isa = PBXFileReference; lastKnownFileType = folder.assetcatalog; path = Assets.xcassets; sourceTree = "<group>"; };
		30137D1A20823FCA002CE48B /* Base */ = {isa = PBXFileReference; lastKnownFileType = file.storyboard; name = Base; path = Base.lproj/LaunchScreen.storyboard; sourceTree = "<group>"; };
		30137D1C20823FCA002CE48B /* Info.plist */ = {isa = PBXFileReference; lastKnownFileType = text.plist.xml; path = Info.plist; sourceTree = "<group>"; };
		30137D2220829312002CE48B /* Structures.swift */ = {isa = PBXFileReference; lastKnownFileType = sourcecode.swift; path = Structures.swift; sourceTree = "<group>"; };
/* End PBXFileReference section */

/* Begin PBXFrameworksBuildPhase section */
		30137D0A20823FCA002CE48B /* Frameworks */ = {
			isa = PBXFrameworksBuildPhase;
			buildActionMask = 2147483647;
			files = (
			);
			runOnlyForDeploymentPostprocessing = 0;
		};
/* End PBXFrameworksBuildPhase section */

/* Begin PBXGroup section */
		30137D0420823FCA002CE48B = {
			isa = PBXGroup;
			children = (
				30137D0F20823FCA002CE48B /* WeatherSchmeather */,
				30137D0E20823FCA002CE48B /* Products */,
			);
			sourceTree = "<group>";
		};
		30137D0E20823FCA002CE48B /* Products */ = {
			isa = PBXGroup;
			children = (
				30137D0D20823FCA002CE48B /* WeatherSchmeather.app */,
			);
			name = Products;
			sourceTree = "<group>";
		};
		30137D0F20823FCA002CE48B /* WeatherSchmeather */ = {
			isa = PBXGroup;
			children = (
				30137D1020823FCA002CE48B /* AppDelegate.swift */,
				30137D1220823FCA002CE48B /* ViewController.swift */,
				30137D2220829312002CE48B /* Structures.swift */,
				30137D1420823FCA002CE48B /* Main.storyboard */,
				30137D1720823FCA002CE48B /* Assets.xcassets */,
				30137D1920823FCA002CE48B /* LaunchScreen.storyboard */,
				30137D1C20823FCA002CE48B /* Info.plist */,
			);
			path = WeatherSchmeather;
			sourceTree = "<group>";
		};
/* End PBXGroup section */

/* Begin PBXNativeTarget section */
		30137D0C20823FCA002CE48B /* WeatherSchmeather */ = {
			isa = PBXNativeTarget;
			buildConfigurationList = 30137D1F20823FCA002CE48B /* Build configuration list for PBXNativeTarget "WeatherSchmeather" */;
			buildPhases = (
				30137D0920823FCA002CE48B /* Sources */,
				30137D0A20823FCA002CE48B /* Frameworks */,
				30137D0B20823FCA002CE48B /* Resources */,
			);
			buildRules = (
			);
			dependencies = (
			);
			name = WeatherSchmeather;
			productName = WeatherSchmeather;
			productReference = 30137D0D20823FCA002CE48B /* WeatherSchmeather.app */;
			productType = "com.apple.product-type.application";
		};
/* End PBXNativeTarget section */

/* Begin PBXProject section */
		30137D0520823FCA002CE48B /* Project object */ = {
			isa = PBXProject;
			attributes = {
				LastSwiftUpdateCheck = 0920;
				LastUpgradeCheck = 0920;
				ORGANIZATIONNAME = NotACoder;
				TargetAttributes = {
					30137D0C20823FCA002CE48B = {
						CreatedOnToolsVersion = 9.2;
						ProvisioningStyle = Automatic;
					};
				};
			};
			buildConfigurationList = 30137D0820823FCA002CE48B /* Build configuration list for PBXProject "WeatherSchmeather" */;
			compatibilityVersion = "Xcode 8.0";
			developmentRegion = en;
			hasScannedForEncodings = 0;
			knownRegions = (
				en,
				Base,
			);
			mainGroup = 30137D0420823FCA002CE48B;
			productRefGroup = 30137D0E20823FCA002CE48B /* Products */;
			projectDirPath = "";
			projectRoot = "";
			targets = (
				30137D0C20823FCA002CE48B /* WeatherSchmeather */,
			);
		};
/* End PBXProject section */

/* Begin PBXResourcesBuildPhase section */
		30137D0B20823FCA002CE48B /* Resources */ = {
			isa = PBXResourcesBuildPhase;
			buildActionMask = 2147483647;
			files = (
				30137D1B20823FCA002CE48B /* LaunchScreen.storyboard in Resources */,
				30137D1820823FCA002CE48B /* Assets.xcassets in Resources */,
				30137D1620823FCA002CE48B /* Main.storyboard in Resources */,
			);
			runOnlyForDeploymentPostprocessing = 0;
		};
/* End PBXResourcesBuildPhase section */

/* Begin PBXSourcesBuildPhase section */
		30137D0920823FCA002CE48B /* Sources */ = {
			isa = PBXSourcesBuildPhase;
			buildActionMask = 2147483647;
			files = (
				30137D1320823FCA002CE48B /* ViewController.swift in Sources */,
				30137D2320829312002CE48B /* Structures.swift in Sources */,
				30137D1120823FCA002CE48B /* AppDelegate.swift in Sources */,
			);
			runOnlyForDeploymentPostprocessing = 0;
		};
/* End PBXSourcesBuildPhase section */

/* Begin PBXVariantGroup section */
		30137D1420823FCA002CE48B /* Main.storyboard */ = {
			isa = PBXVariantGroup;
			children = (
				30137D1520823FCA002CE48B /* Base */,
			);
			name = Main.storyboard;
			sourceTree = "<group>";
		};
		30137D1920823FCA002CE48B /* LaunchScreen.storyboard */ = {
			isa = PBXVariantGroup;
			children = (
				30137D1A20823FCA002CE48B /* Base */,
			);
			name = LaunchScreen.storyboard;
			sourceTree = "<group>";
		};
/* End PBXVariantGroup section */

/* Begin XCBuildConfiguration section */
		30137D1D20823FCA002CE48B /* Debug */ = {
			isa = XCBuildConfiguration;
			buildSettings = {
				ALWAYS_SEARCH_USER_PATHS = NO;
				CLANG_ANALYZER_NONNULL = YES;
				CLANG_ANALYZER_NUMBER_OBJECT_CONVERSION = YES_AGGRESSIVE;
				CLANG_CXX_LANGUAGE_STANDARD = "gnu++14";
				CLANG_CXX_LIBRARY = "libc++";
				CLANG_ENABLE_MODULES = YES;
				CLANG_ENABLE_OBJC_ARC = YES;
				CLANG_WARN_BLOCK_CAPTURE_AUTORELEASING = YES;
				CLANG_WARN_BOOL_CONVERSION = YES;
				CLANG_WARN_COMMA = YES;
				CLANG_WARN_CONSTANT_CONVERSION = YES;
				CLANG_WARN_DIRECT_OBJC_ISA_USAGE = YES_ERROR;
				CLANG_WARN_DOCUMENTATION_COMMENTS = YES;
				CLANG_WARN_EMPTY_BODY = YES;
				CLANG_WARN_ENUM_CONVERSION = YES;
				CLANG_WARN_INFINITE_RECURSION = YES;
				CLANG_WARN_INT_CONVERSION = YES;
				CLANG_WARN_NON_LITERAL_NULL_CONVERSION = YES;
				CLANG_WARN_OBJC_LITERAL_CONVERSION = YES;
				CLANG_WARN_OBJC_ROOT_CLASS = YES_ERROR;
				CLANG_WARN_RANGE_LOOP_ANALYSIS = YES;
				CLANG_WARN_STRICT_PROTOTYPES = YES;
				CLANG_WARN_SUSPICIOUS_MOVE = YES;
				CLANG_WARN_UNGUARDED_AVAILABILITY = YES_AGGRESSIVE;
				CLANG_WARN_UNREACHABLE_CODE = YES;
				CLANG_WARN__DUPLICATE_METHOD_MATCH = YES;
				CODE_SIGN_IDENTITY = "iPhone Developer";
				COPY_PHASE_STRIP = NO;
				DEBUG_INFORMATION_FORMAT = dwarf;
				ENABLE_STRICT_OBJC_MSGSEND = YES;
				ENABLE_TESTABILITY = YES;
				GCC_C_LANGUAGE_STANDARD = gnu11;
				GCC_DYNAMIC_NO_PIC = NO;
				GCC_NO_COMMON_BLOCKS = YES;
				GCC_OPTIMIZATION_LEVEL = 0;
				GCC_PREPROCESSOR_DEFINITIONS = (
					"DEBUG=1",
					"$(inherited)",
				);
				GCC_WARN_64_TO_32_BIT_CONVERSION = YES;
				GCC_WARN_ABOUT_RETURN_TYPE = YES_ERROR;
				GCC_WARN_UNDECLARED_SELECTOR = YES;
				GCC_WARN_UNINITIALIZED_AUTOS = YES_AGGRESSIVE;
				GCC_WARN_UNUSED_FUNCTION = YES;
				GCC_WARN_UNUSED_VARIABLE = YES;
				IPHONEOS_DEPLOYMENT_TARGET = 11.2;
				MTL_ENABLE_DEBUG_INFO = YES;
				ONLY_ACTIVE_ARCH = YES;
				SDKROOT = iphoneos;
				SWIFT_ACTIVE_COMPILATION_CONDITIONS = DEBUG;
				SWIFT_OPTIMIZATION_LEVEL = "-Onone";
			};
			name = Debug;
		};
		30137D1E20823FCA002CE48B /* Release */ = {
			isa = XCBuildConfiguration;
			buildSettings = {
				ALWAYS_SEARCH_USER_PATHS = NO;
				CLANG_ANALYZER_NONNULL = YES;
				CLANG_ANALYZER_NUMBER_OBJECT_CONVERSION = YES_AGGRESSIVE;
				CLANG_CXX_LANGUAGE_STANDARD = "gnu++14";
				CLANG_CXX_LIBRARY = "libc++";
				CLANG_ENABLE_MODULES = YES;
				CLANG_ENABLE_OBJC_ARC = YES;
				CLANG_WARN_BLOCK_CAPTURE_AUTORELEASING = YES;
				CLANG_WARN_BOOL_CONVERSION = YES;
				CLANG_WARN_COMMA = YES;
				CLANG_WARN_CONSTANT_CONVERSION = YES;
				CLANG_WARN_DIRECT_OBJC_ISA_USAGE = YES_ERROR;
				CLANG_WARN_DOCUMENTATION_COMMENTS = YES;
				CLANG_WARN_EMPTY_BODY = YES;
				CLANG_WARN_ENUM_CONVERSION = YES;
				CLANG_WARN_INFINITE_RECURSION = YES;
				CLANG_WARN_INT_CONVERSION = YES;
				CLANG_WARN_NON_LITERAL_NULL_CONVERSION = YES;
				CLANG_WARN_OBJC_LITERAL_CONVERSION = YES;
				CLANG_WARN_OBJC_ROOT_CLASS = YES_ERROR;
				CLANG_WARN_RANGE_LOOP_ANALYSIS = YES;
				CLANG_WARN_STRICT_PROTOTYPES = YES;
				CLANG_WARN_SUSPICIOUS_MOVE = YES;
				CLANG_WARN_UNGUARDED_AVAILABILITY = YES_AGGRESSIVE;
				CLANG_WARN_UNREACHABLE_CODE = YES;
				CLANG_WARN__DUPLICATE_METHOD_MATCH = YES;
				CODE_SIGN_IDENTITY = "iPhone Developer";
				COPY_PHASE_STRIP = NO;
				DEBUG_INFORMATION_FORMAT = "dwarf-with-dsym";
				ENABLE_NS_ASSERTIONS = NO;
				ENABLE_STRICT_OBJC_MSGSEND = YES;
				GCC_C_LANGUAGE_STANDARD = gnu11;
				GCC_NO_COMMON_BLOCKS = YES;
				GCC_WARN_64_TO_32_BIT_CONVERSION = YES;
				GCC_WARN_ABOUT_RETURN_TYPE = YES_ERROR;
				GCC_WARN_UNDECLARED_SELECTOR = YES;
				GCC_WARN_UNINITIALIZED_AUTOS = YES_AGGRESSIVE;
				GCC_WARN_UNUSED_FUNCTION = YES;
				GCC_WARN_UNUSED_VARIABLE = YES;
				IPHONEOS_DEPLOYMENT_TARGET = 11.2;
				MTL_ENABLE_DEBUG_INFO = NO;
				SDKROOT = iphoneos;
				SWIFT_OPTIMIZATION_LEVEL = "-Owholemodule";
				VALIDATE_PRODUCT = YES;
			};
			name = Release;
		};
		30137D2020823FCA002CE48B /* Debug */ = {
			isa = XCBuildConfiguration;
			buildSettings = {
				ASSETCATALOG_COMPILER_APPICON_NAME = AppIcon;
				CODE_SIGN_STYLE = Automatic;
				DEVELOPMENT_TEAM = 2J3WW2KWBU;
				INFOPLIST_FILE = WeatherSchmeather/Info.plist;
				LD_RUNPATH_SEARCH_PATHS = "$(inherited) @executable_path/Frameworks";
				PRODUCT_BUNDLE_IDENTIFIER = tech.notacoder.WeatherSchmeather;
				PRODUCT_NAME = "$(TARGET_NAME)";
				SWIFT_VERSION = 4.0;
				TARGETED_DEVICE_FAMILY = "1,2";
			};
			name = Debug;
		};
		30137D2120823FCA002CE48B /* Release */ = {
			isa = XCBuildConfiguration;
			buildSettings = {
				ASSETCATALOG_COMPILER_APPICON_NAME = AppIcon;
				CODE_SIGN_STYLE = Automatic;
				DEVELOPMENT_TEAM = 2J3WW2KWBU;
				INFOPLIST_FILE = WeatherSchmeather/Info.plist;
				LD_RUNPATH_SEARCH_PATHS = "$(inherited) @executable_path/Frameworks";
				PRODUCT_BUNDLE_IDENTIFIER = tech.notacoder.WeatherSchmeather;
				PRODUCT_NAME = "$(TARGET_NAME)";
				SWIFT_VERSION = 4.0;
				TARGETED_DEVICE_FAMILY = "1,2";
			};
			name = Release;
		};
/* End XCBuildConfiguration section */

/* Begin XCConfigurationList section */
		30137D0820823FCA002CE48B /* Build configuration list for PBXProject "WeatherSchmeather" */ = {
			isa = XCConfigurationList;
			buildConfigurations = (
				30137D1D20823FCA002CE48B /* Debug */,
				30137D1E20823FCA002CE48B /* Release */,
			);
			defaultConfigurationIsVisible = 0;
			defaultConfigurationName = Release;
		};
		30137D1F20823FCA002CE48B /* Build configuration list for PBXNativeTarget "WeatherSchmeather" */ = {
			isa = XCConfigurationList;
			buildConfigurations = (
				30137D2020823FCA002CE48B /* Debug */,
				30137D2120823FCA002CE48B /* Release */,
			);
			defaultConfigurationIsVisible = 0;
			defaultConfigurationName = Release;
		};
/* End XCConfigurationList section */
	};
	rootObject = 30137D0520823FCA002CE48B /* Project object */;
}
